
Microsoft Visual Studio Solution File, Format Version 12.00
# Visual Studio Version 17
VisualStudioVersion = 17.11.35222.181
MinimumVisualStudioVersion = 10.0.40219.1
Project("{FAE04EC0-301F-11D3-BF4B-00C04F79EFBC}") = "CollegeSheduleKutovoi", "CollegeSheduleKutovoi\CollegeSheduleKutovoi.csproj", "{535F7964-8782-4EFB-975A-389957F2FDB2}"
EndProject
Global
	GlobalSection(SolutionConfigurationPlatforms) = preSolution
		Debug|Any CPU = Debug|Any CPU
		Release|Any CPU = Release|Any CPU
	EndGlobalSection
	GlobalSection(ProjectConfigurationPlatforms) = postSolution
		{535F7964-8782-4EFB-975A-389957F2FDB2}.Debug|Any CPU.ActiveCfg = Debug|Any CPU
		{535F7964-8782-4EFB-975A-389957F2FDB2}.Debug|Any CPU.Build.0 = Debug|Any CPU
		{535F7964-8782-4EFB-975A-389957F2FDB2}.Release|Any CPU.ActiveCfg = Release|Any CPU
		{535F7964-8782-4EFB-975A-389957F2FDB2}.Release|Any CPU.Build.0 = Release|Any CPU
	EndGlobalSection
	GlobalSection(SolutionProperties) = preSolution
		HideSolutionNode = FALSE
	EndGlobalSection
	GlobalSection(ExtensibilityGlobals) = postSolution
		SolutionGuid = {3FEB3DC4-9132-4DD6-834F-3B8BEFE01410}
	EndGlobalSection
EndGlobal
